// !$*UTF8*$!
{
	archiveVersion = 1;
	classes = {
	};
	objectVersion = 48;
	objects = {

/* Begin PBXBuildFile section */
		4E0DA2FA20B168AD006569D7 /* MainViewController.swift in Sources */ = {isa = PBXBuildFile; fileRef = 4E0DA2F920B168AD006569D7 /* MainViewController.swift */; };
		4E28A2A920B57E190074B525 /* BannerViewController.swift in Sources */ = {isa = PBXBuildFile; fileRef = 4E28A2A820B57E190074B525 /* BannerViewController.swift */; };
		4E38B6AB20BE594B0079B11C /* YoutubeViewController.swift in Sources */ = {isa = PBXBuildFile; fileRef = 4E38B6AA20BE594B0079B11C /* YoutubeViewController.swift */; };
		4E38B6AD20BE5E8A0079B11C /* VideoTabScrollViewController.swift in Sources */ = {isa = PBXBuildFile; fileRef = 4E38B6AC20BE5E8A0079B11C /* VideoTabScrollViewController.swift */; };
		4E38B6B120BE69C20079B11C /* BoardTabScrollViewController.swift in Sources */ = {isa = PBXBuildFile; fileRef = 4E38B6B020BE69C20079B11C /* BoardTabScrollViewController.swift */; };
		4E38B6B320BE753D0079B11C /* BoardTableViewController.swift in Sources */ = {isa = PBXBuildFile; fileRef = 4E38B6B220BE753D0079B11C /* BoardTableViewController.swift */; };
		4E4E44A220BD84DB0091E4D8 /* Info.plist in Resources */ = {isa = PBXBuildFile; fileRef = 4E4E44A120BD84DB0091E4D8 /* Info.plist */; };
		4EDDA60820B068DE00072989 /* AppDelegate.swift in Sources */ = {isa = PBXBuildFile; fileRef = 4EDDA60720B068DE00072989 /* AppDelegate.swift */; };
		4EDDA60A20B068DE00072989 /* ViewController.swift in Sources */ = {isa = PBXBuildFile; fileRef = 4EDDA60920B068DE00072989 /* ViewController.swift */; };
		4EDDA60D20B068DE00072989 /* Main.storyboard in Resources */ = {isa = PBXBuildFile; fileRef = 4EDDA60B20B068DE00072989 /* Main.storyboard */; };
		4EDDA61220B068DE00072989 /* LaunchScreen.storyboard in Resources */ = {isa = PBXBuildFile; fileRef = 4EDDA61020B068DE00072989 /* LaunchScreen.storyboard */; };
		8447D6BA20B976B3006D59A8 /* YouTubePlayer.swift in Sources */ = {isa = PBXBuildFile; fileRef = 8447D6B420B976B3006D59A8 /* YouTubePlayer.swift */; };
		8447D6BB20B976B3006D59A8 /* YTPlayer.html in Resources */ = {isa = PBXBuildFile; fileRef = 8447D6B520B976B3006D59A8 /* YTPlayer.html */; };
		8447D6BC20B976B3006D59A8 /* Info.plist in Resources */ = {isa = PBXBuildFile; fileRef = 8447D6B620B976B3006D59A8 /* Info.plist */; };
		8447D6E920BC38C0006D59A8 /* DataSource.swift in Sources */ = {isa = PBXBuildFile; fileRef = 8447D6E820BC38C0006D59A8 /* DataSource.swift */; };
		8447D6EB20BD3DF8006D59A8 /* Assets.xcassets in Resources */ = {isa = PBXBuildFile; fileRef = 8447D6EA20BD3DF8006D59A8 /* Assets.xcassets */; };
		8495318F20C7CEEA00FF2ECD /* tableViewDataSource.swift in Sources */ = {isa = PBXBuildFile; fileRef = 8495318E20C7CEEA00FF2ECD /* tableViewDataSource.swift */; };
		84BD42D020BD804700677367 /* ImagePreviewViewController.swift in Sources */ = {isa = PBXBuildFile; fileRef = 84BD42CE20BD804700677367 /* ImagePreviewViewController.swift */; };
		84BD42D120BD804700677367 /* GalleryViewController.swift in Sources */ = {isa = PBXBuildFile; fileRef = 84BD42CF20BD804700677367 /* GalleryViewController.swift */; };
		91FFE6235949CB2BBDE50E51 /* Pods_Mons.framework in Frameworks */ = {isa = PBXBuildFile; fileRef = 40C48C1F7F43CD3632690489 /* Pods_Mons.framework */; };
		9FDB2758100D1B60EA581034 /* Pods_MonsUITests.framework in Frameworks */ = {isa = PBXBuildFile; fileRef = D291E65B1D658AFD2F8E5E9A /* Pods_MonsUITests.framework */; };
		B507EB668BB77DB583E65BD0 /* Pods_MonsTests.framework in Frameworks */ = {isa = PBXBuildFile; fileRef = F27EC65D8C88F9DD455502B2 /* Pods_MonsTests.framework */; };
/* End PBXBuildFile section */

/* Begin PBXContainerItemProxy section */
		4EDDA61920B068DE00072989 /* PBXContainerItemProxy */ = {
			isa = PBXContainerItemProxy;
			containerPortal = 4EDDA5FC20B068DE00072989 /* Project object */;
			proxyType = 1;
			remoteGlobalIDString = 4EDDA60320B068DE00072989;
			remoteInfo = Mons;
		};
		4EDDA62420B068DE00072989 /* PBXContainerItemProxy */ = {
			isa = PBXContainerItemProxy;
			containerPortal = 4EDDA5FC20B068DE00072989 /* Project object */;
			proxyType = 1;
			remoteGlobalIDString = 4EDDA60320B068DE00072989;
			remoteInfo = Mons;
		};
		8447D6B820B976B3006D59A8 /* PBXContainerItemProxy */ = {
			isa = PBXContainerItemProxy;
			containerPortal = 8447D6B020B976B3006D59A8 /* YouTubePlayer.xcodeproj */;
			proxyType = 2;
			remoteGlobalIDString = 502AE85F1A475FD500306AD1;
			remoteInfo = YouTubePlayer;
		};
/* End PBXContainerItemProxy section */

/* Begin PBXFileReference section */
		11EA2AFBEA910DAF45D49F46 /* Pods-Mons.debug.xcconfig */ = {isa = PBXFileReference; includeInIndex = 1; lastKnownFileType = text.xcconfig; name = "Pods-Mons.debug.xcconfig"; path = "Pods/Target Support Files/Pods-Mons/Pods-Mons.debug.xcconfig"; sourceTree = "<group>"; };
		40C48C1F7F43CD3632690489 /* Pods_Mons.framework */ = {isa = PBXFileReference; explicitFileType = wrapper.framework; includeInIndex = 0; path = Pods_Mons.framework; sourceTree = BUILT_PRODUCTS_DIR; };
		4E0DA2F920B168AD006569D7 /* MainViewController.swift */ = {isa = PBXFileReference; lastKnownFileType = sourcecode.swift; path = MainViewController.swift; sourceTree = "<group>"; };
		4E28A2A820B57E190074B525 /* BannerViewController.swift */ = {isa = PBXFileReference; lastKnownFileType = sourcecode.swift; path = BannerViewController.swift; sourceTree = "<group>"; };
		4E38B6AA20BE594B0079B11C /* YoutubeViewController.swift */ = {isa = PBXFileReference; fileEncoding = 4; lastKnownFileType = sourcecode.swift; path = YoutubeViewController.swift; sourceTree = "<group>"; };
		4E38B6AC20BE5E8A0079B11C /* VideoTabScrollViewController.swift */ = {isa = PBXFileReference; lastKnownFileType = sourcecode.swift; path = VideoTabScrollViewController.swift; sourceTree = "<group>"; };
		4E38B6B020BE69C20079B11C /* BoardTabScrollViewController.swift */ = {isa = PBXFileReference; lastKnownFileType = sourcecode.swift; path = BoardTabScrollViewController.swift; sourceTree = "<group>"; };
		4E38B6B220BE753D0079B11C /* BoardTableViewController.swift */ = {isa = PBXFileReference; lastKnownFileType = sourcecode.swift; path = BoardTableViewController.swift; sourceTree = "<group>"; };
		4E4E44A120BD84DB0091E4D8 /* Info.plist */ = {isa = PBXFileReference; fileEncoding = 4; lastKnownFileType = text.plist.xml; path = Info.plist; sourceTree = "<group>"; };
		4EDDA60420B068DE00072989 /* Mons.app */ = {isa = PBXFileReference; explicitFileType = wrapper.application; includeInIndex = 0; path = Mons.app; sourceTree = BUILT_PRODUCTS_DIR; };
		4EDDA60720B068DE00072989 /* AppDelegate.swift */ = {isa = PBXFileReference; lastKnownFileType = sourcecode.swift; path = AppDelegate.swift; sourceTree = "<group>"; };
		4EDDA60920B068DE00072989 /* ViewController.swift */ = {isa = PBXFileReference; lastKnownFileType = sourcecode.swift; path = ViewController.swift; sourceTree = "<group>"; };
		4EDDA60C20B068DE00072989 /* Base */ = {isa = PBXFileReference; lastKnownFileType = file.storyboard; name = Base; path = Base.lproj/Main.storyboard; sourceTree = "<group>"; };
		4EDDA61120B068DE00072989 /* Base */ = {isa = PBXFileReference; lastKnownFileType = file.storyboard; name = Base; path = Base.lproj/LaunchScreen.storyboard; sourceTree = "<group>"; };
		4EDDA61820B068DE00072989 /* MonsTests.xctest */ = {isa = PBXFileReference; explicitFileType = wrapper.cfbundle; includeInIndex = 0; path = MonsTests.xctest; sourceTree = BUILT_PRODUCTS_DIR; };
		4EDDA62320B068DE00072989 /* MonsUITests.xctest */ = {isa = PBXFileReference; explicitFileType = wrapper.cfbundle; includeInIndex = 0; path = MonsUITests.xctest; sourceTree = BUILT_PRODUCTS_DIR; };
		5B818DB37761EC3DD8580889 /* Pods-MonsTests.release.xcconfig */ = {isa = PBXFileReference; includeInIndex = 1; lastKnownFileType = text.xcconfig; name = "Pods-MonsTests.release.xcconfig"; path = "Pods/Target Support Files/Pods-MonsTests/Pods-MonsTests.release.xcconfig"; sourceTree = "<group>"; };
		8447D6B020B976B3006D59A8 /* YouTubePlayer.xcodeproj */ = {isa = PBXFileReference; lastKnownFileType = "wrapper.pb-project"; path = YouTubePlayer.xcodeproj; sourceTree = "<group>"; };
		8447D6B420B976B3006D59A8 /* YouTubePlayer.swift */ = {isa = PBXFileReference; fileEncoding = 4; lastKnownFileType = sourcecode.swift; path = YouTubePlayer.swift; sourceTree = "<group>"; };
		8447D6B520B976B3006D59A8 /* YTPlayer.html */ = {isa = PBXFileReference; fileEncoding = 4; lastKnownFileType = text.html; path = YTPlayer.html; sourceTree = "<group>"; };
		8447D6B620B976B3006D59A8 /* Info.plist */ = {isa = PBXFileReference; fileEncoding = 4; lastKnownFileType = text.plist.xml; path = Info.plist; sourceTree = "<group>"; };
		8447D6E820BC38C0006D59A8 /* DataSource.swift */ = {isa = PBXFileReference; lastKnownFileType = sourcecode.swift; path = DataSource.swift; sourceTree = "<group>"; };
		8447D6EA20BD3DF8006D59A8 /* Assets.xcassets */ = {isa = PBXFileReference; lastKnownFileType = folder.assetcatalog; path = Assets.xcassets; sourceTree = "<group>"; };
		8495318E20C7CEEA00FF2ECD /* tableViewDataSource.swift */ = {isa = PBXFileReference; lastKnownFileType = sourcecode.swift; path = tableViewDataSource.swift; sourceTree = "<group>"; };
		84BD42CE20BD804700677367 /* ImagePreviewViewController.swift */ = {isa = PBXFileReference; fileEncoding = 4; lastKnownFileType = sourcecode.swift; path = ImagePreviewViewController.swift; sourceTree = "<group>"; };
		84BD42CF20BD804700677367 /* GalleryViewController.swift */ = {isa = PBXFileReference; fileEncoding = 4; lastKnownFileType = sourcecode.swift; path = GalleryViewController.swift; sourceTree = "<group>"; };
		A7049C4975DD47E97605EF91 /* Pods-MonsUITests.release.xcconfig */ = {isa = PBXFileReference; includeInIndex = 1; lastKnownFileType = text.xcconfig; name = "Pods-MonsUITests.release.xcconfig"; path = "Pods/Target Support Files/Pods-MonsUITests/Pods-MonsUITests.release.xcconfig"; sourceTree = "<group>"; };
		AA79B1356C9FBBE99A726C72 /* Pods-MonsTests.debug.xcconfig */ = {isa = PBXFileReference; includeInIndex = 1; lastKnownFileType = text.xcconfig; name = "Pods-MonsTests.debug.xcconfig"; path = "Pods/Target Support Files/Pods-MonsTests/Pods-MonsTests.debug.xcconfig"; sourceTree = "<group>"; };
		B1D590D7864937BDBC08C15B /* Pods-MonsUITests.debug.xcconfig */ = {isa = PBXFileReference; includeInIndex = 1; lastKnownFileType = text.xcconfig; name = "Pods-MonsUITests.debug.xcconfig"; path = "Pods/Target Support Files/Pods-MonsUITests/Pods-MonsUITests.debug.xcconfig"; sourceTree = "<group>"; };
		CC16A4D81D9E1589C4EB88A6 /* Pods-Mons.release.xcconfig */ = {isa = PBXFileReference; includeInIndex = 1; lastKnownFileType = text.xcconfig; name = "Pods-Mons.release.xcconfig"; path = "Pods/Target Support Files/Pods-Mons/Pods-Mons.release.xcconfig"; sourceTree = "<group>"; };
		D291E65B1D658AFD2F8E5E9A /* Pods_MonsUITests.framework */ = {isa = PBXFileReference; explicitFileType = wrapper.framework; includeInIndex = 0; path = Pods_MonsUITests.framework; sourceTree = BUILT_PRODUCTS_DIR; };
		F27EC65D8C88F9DD455502B2 /* Pods_MonsTests.framework */ = {isa = PBXFileReference; explicitFileType = wrapper.framework; includeInIndex = 0; path = Pods_MonsTests.framework; sourceTree = BUILT_PRODUCTS_DIR; };
/* End PBXFileReference section */

/* Begin PBXFrameworksBuildPhase section */
		4EDDA60120B068DE00072989 /* Frameworks */ = {
			isa = PBXFrameworksBuildPhase;
			buildActionMask = 2147483647;
			files = (
				91FFE6235949CB2BBDE50E51 /* Pods_Mons.framework in Frameworks */,
			);
			runOnlyForDeploymentPostprocessing = 0;
		};
		4EDDA61520B068DE00072989 /* Frameworks */ = {
			isa = PBXFrameworksBuildPhase;
			buildActionMask = 2147483647;
			files = (
				B507EB668BB77DB583E65BD0 /* Pods_MonsTests.framework in Frameworks */,
			);
			runOnlyForDeploymentPostprocessing = 0;
		};
		4EDDA62020B068DE00072989 /* Frameworks */ = {
			isa = PBXFrameworksBuildPhase;
			buildActionMask = 2147483647;
			files = (
				9FDB2758100D1B60EA581034 /* Pods_MonsUITests.framework in Frameworks */,
			);
			runOnlyForDeploymentPostprocessing = 0;
		};
/* End PBXFrameworksBuildPhase section */

/* Begin PBXGroup section */
		4EDDA5FB20B068DE00072989 = {
			isa = PBXGroup;
			children = (
				4EDDA60620B068DE00072989 /* Mons */,
				4EDDA60520B068DE00072989 /* Products */,
				ABC73908B7483C73F5793612 /* Pods */,
				B9A51899F0951FDB20690DF6 /* Frameworks */,
			);
			sourceTree = "<group>";
		};
		4EDDA60520B068DE00072989 /* Products */ = {
			isa = PBXGroup;
			children = (
				4EDDA60420B068DE00072989 /* Mons.app */,
				4EDDA61820B068DE00072989 /* MonsTests.xctest */,
				4EDDA62320B068DE00072989 /* MonsUITests.xctest */,
			);
			name = Products;
			sourceTree = "<group>";
		};
		4EDDA60620B068DE00072989 /* Mons */ = {
			isa = PBXGroup;
			children = (
				4EDDA60720B068DE00072989 /* AppDelegate.swift */,
				4EDDA60920B068DE00072989 /* ViewController.swift */,
				84BD42CF20BD804700677367 /* GalleryViewController.swift */,
				84BD42CE20BD804700677367 /* ImagePreviewViewController.swift */,
				4E4E44A120BD84DB0091E4D8 /* Info.plist */,
				4EDDA60B20B068DE00072989 /* Main.storyboard */,
				8447D6EA20BD3DF8006D59A8 /* Assets.xcassets */,
				4EDDA61020B068DE00072989 /* LaunchScreen.storyboard */,
				4E0DA2F920B168AD006569D7 /* MainViewController.swift */,
				4E38B6AA20BE594B0079B11C /* YoutubeViewController.swift */,
				4E28A2A820B57E190074B525 /* BannerViewController.swift */,
				8447D6E820BC38C0006D59A8 /* DataSource.swift */,
				4E38B6AC20BE5E8A0079B11C /* VideoTabScrollViewController.swift */,
				4E38B6B020BE69C20079B11C /* BoardTabScrollViewController.swift */,
				4E38B6B220BE753D0079B11C /* BoardTableViewController.swift */,
				8495318E20C7CEEA00FF2ECD /* tableViewDataSource.swift */,
			);
			path = Mons;
			sourceTree = "<group>";
		};
		8447D6AF20B976B3006D59A8 /* YouTubePlayer */ = {
			isa = PBXGroup;
			children = (
				8447D6B020B976B3006D59A8 /* YouTubePlayer.xcodeproj */,
				8447D6B320B976B3006D59A8 /* YouTubePlayer */,
			);
			path = YouTubePlayer;
			sourceTree = "<group>";
		};
		8447D6B120B976B3006D59A8 /* Products */ = {
			isa = PBXGroup;
			children = (
				8447D6B920B976B3006D59A8 /* YouTubePlayer.framework */,
			);
			name = Products;
			sourceTree = "<group>";
		};
		8447D6B320B976B3006D59A8 /* YouTubePlayer */ = {
			isa = PBXGroup;
			children = (
				8447D6B420B976B3006D59A8 /* YouTubePlayer.swift */,
				8447D6B520B976B3006D59A8 /* YTPlayer.html */,
				8447D6B620B976B3006D59A8 /* Info.plist */,
			);
			path = YouTubePlayer;
			sourceTree = "<group>";
		};
		ABC73908B7483C73F5793612 /* Pods */ = {
			isa = PBXGroup;
			children = (
				11EA2AFBEA910DAF45D49F46 /* Pods-Mons.debug.xcconfig */,
				CC16A4D81D9E1589C4EB88A6 /* Pods-Mons.release.xcconfig */,
				AA79B1356C9FBBE99A726C72 /* Pods-MonsTests.debug.xcconfig */,
				5B818DB37761EC3DD8580889 /* Pods-MonsTests.release.xcconfig */,
				B1D590D7864937BDBC08C15B /* Pods-MonsUITests.debug.xcconfig */,
				A7049C4975DD47E97605EF91 /* Pods-MonsUITests.release.xcconfig */,
			);
			name = Pods;
			sourceTree = "<group>";
		};
		B9A51899F0951FDB20690DF6 /* Frameworks */ = {
			isa = PBXGroup;
			children = (
				8447D6AF20B976B3006D59A8 /* YouTubePlayer */,
				40C48C1F7F43CD3632690489 /* Pods_Mons.framework */,
				F27EC65D8C88F9DD455502B2 /* Pods_MonsTests.framework */,
				D291E65B1D658AFD2F8E5E9A /* Pods_MonsUITests.framework */,
			);
			name = Frameworks;
			sourceTree = "<group>";
		};
/* End PBXGroup section */

/* Begin PBXNativeTarget section */
		4EDDA60320B068DE00072989 /* Mons */ = {
			isa = PBXNativeTarget;
			buildConfigurationList = 4EDDA62C20B068DE00072989 /* Build configuration list for PBXNativeTarget "Mons" */;
			buildPhases = (
				1FC00E9749E2E62EE9910B9C /* [CP] Check Pods Manifest.lock */,
				4EDDA60020B068DE00072989 /* Sources */,
				4EDDA60120B068DE00072989 /* Frameworks */,
				4EDDA60220B068DE00072989 /* Resources */,
				C8A2DE7DB96E2F5DE2BE485C /* [CP] Embed Pods Frameworks */,
			);
			buildRules = (
			);
			dependencies = (
			);
			name = Mons;
			productName = Mons;
			productReference = 4EDDA60420B068DE00072989 /* Mons.app */;
			productType = "com.apple.product-type.application";
		};
		4EDDA61720B068DE00072989 /* MonsTests */ = {
			isa = PBXNativeTarget;
			buildConfigurationList = 4EDDA62F20B068DE00072989 /* Build configuration list for PBXNativeTarget "MonsTests" */;
			buildPhases = (
				E4F34D5BC07C5CAFF3B8130F /* [CP] Check Pods Manifest.lock */,
				4EDDA61420B068DE00072989 /* Sources */,
				4EDDA61520B068DE00072989 /* Frameworks */,
				4EDDA61620B068DE00072989 /* Resources */,
			);
			buildRules = (
			);
			dependencies = (
				4EDDA61A20B068DE00072989 /* PBXTargetDependency */,
			);
			name = MonsTests;
			productName = MonsTests;
			productReference = 4EDDA61820B068DE00072989 /* MonsTests.xctest */;
			productType = "com.apple.product-type.bundle.unit-test";
		};
		4EDDA62220B068DE00072989 /* MonsUITests */ = {
			isa = PBXNativeTarget;
			buildConfigurationList = 4EDDA63220B068DE00072989 /* Build configuration list for PBXNativeTarget "MonsUITests" */;
			buildPhases = (
				619DB06C36E6B00147669361 /* [CP] Check Pods Manifest.lock */,
				4EDDA61F20B068DE00072989 /* Sources */,
				4EDDA62020B068DE00072989 /* Frameworks */,
				4EDDA62120B068DE00072989 /* Resources */,
			);
			buildRules = (
			);
			dependencies = (
				4EDDA62520B068DE00072989 /* PBXTargetDependency */,
			);
			name = MonsUITests;
			productName = MonsUITests;
			productReference = 4EDDA62320B068DE00072989 /* MonsUITests.xctest */;
			productType = "com.apple.product-type.bundle.ui-testing";
		};
/* End PBXNativeTarget section */

/* Begin PBXProject section */
		4EDDA5FC20B068DE00072989 /* Project object */ = {
			isa = PBXProject;
			attributes = {
				LastSwiftUpdateCheck = 0920;
				LastUpgradeCheck = 0920;
				ORGANIZATIONNAME = jungwon.sy;
				TargetAttributes = {
					4EDDA60320B068DE00072989 = {
						CreatedOnToolsVersion = 9.2;
						ProvisioningStyle = Automatic;
					};
					4EDDA61720B068DE00072989 = {
						CreatedOnToolsVersion = 9.2;
						ProvisioningStyle = Automatic;
						TestTargetID = 4EDDA60320B068DE00072989;
					};
					4EDDA62220B068DE00072989 = {
						CreatedOnToolsVersion = 9.2;
						ProvisioningStyle = Automatic;
						TestTargetID = 4EDDA60320B068DE00072989;
					};
				};
			};
			buildConfigurationList = 4EDDA5FF20B068DE00072989 /* Build configuration list for PBXProject "Mons" */;
			compatibilityVersion = "Xcode 8.0";
			developmentRegion = en;
			hasScannedForEncodings = 0;
			knownRegions = (
				en,
				Base,
			);
			mainGroup = 4EDDA5FB20B068DE00072989;
			productRefGroup = 4EDDA60520B068DE00072989 /* Products */;
			projectDirPath = "";
			projectReferences = (
				{
					ProductGroup = 8447D6B120B976B3006D59A8 /* Products */;
					ProjectRef = 8447D6B020B976B3006D59A8 /* YouTubePlayer.xcodeproj */;
				},
			);
			projectRoot = "";
			targets = (
				4EDDA60320B068DE00072989 /* Mons */,
				4EDDA61720B068DE00072989 /* MonsTests */,
				4EDDA62220B068DE00072989 /* MonsUITests */,
			);
		};
/* End PBXProject section */

/* Begin PBXReferenceProxy section */
		8447D6B920B976B3006D59A8 /* YouTubePlayer.framework */ = {
			isa = PBXReferenceProxy;
			fileType = wrapper.framework;
			path = YouTubePlayer.framework;
			remoteRef = 8447D6B820B976B3006D59A8 /* PBXContainerItemProxy */;
			sourceTree = BUILT_PRODUCTS_DIR;
		};
/* End PBXReferenceProxy section */

/* Begin PBXResourcesBuildPhase section */
		4EDDA60220B068DE00072989 /* Resources */ = {
			isa = PBXResourcesBuildPhase;
			buildActionMask = 2147483647;
			files = (
				4EDDA61220B068DE00072989 /* LaunchScreen.storyboard in Resources */,
				8447D6BC20B976B3006D59A8 /* Info.plist in Resources */,
				4E4E44A220BD84DB0091E4D8 /* Info.plist in Resources */,
				8447D6BB20B976B3006D59A8 /* YTPlayer.html in Resources */,
				8447D6EB20BD3DF8006D59A8 /* Assets.xcassets in Resources */,
				4EDDA60D20B068DE00072989 /* Main.storyboard in Resources */,
			);
			runOnlyForDeploymentPostprocessing = 0;
		};
		4EDDA61620B068DE00072989 /* Resources */ = {
			isa = PBXResourcesBuildPhase;
			buildActionMask = 2147483647;
			files = (
			);
			runOnlyForDeploymentPostprocessing = 0;
		};
		4EDDA62120B068DE00072989 /* Resources */ = {
			isa = PBXResourcesBuildPhase;
			buildActionMask = 2147483647;
			files = (
			);
			runOnlyForDeploymentPostprocessing = 0;
		};
/* End PBXResourcesBuildPhase section */

/* Begin PBXShellScriptBuildPhase section */
		1FC00E9749E2E62EE9910B9C /* [CP] Check Pods Manifest.lock */ = {
			isa = PBXShellScriptBuildPhase;
			buildActionMask = 2147483647;
			files = (
			);
			inputPaths = (
				"${PODS_PODFILE_DIR_PATH}/Podfile.lock",
				"${PODS_ROOT}/Manifest.lock",
			);
			name = "[CP] Check Pods Manifest.lock";
			outputPaths = (
				"$(DERIVED_FILE_DIR)/Pods-Mons-checkManifestLockResult.txt",
			);
			runOnlyForDeploymentPostprocessing = 0;
			shellPath = /bin/sh;
			shellScript = "diff \"${PODS_PODFILE_DIR_PATH}/Podfile.lock\" \"${PODS_ROOT}/Manifest.lock\" > /dev/null\nif [ $? != 0 ] ; then\n    # print error to STDERR\n    echo \"error: The sandbox is not in sync with the Podfile.lock. Run 'pod install' or update your CocoaPods installation.\" >&2\n    exit 1\nfi\n# This output is used by Xcode 'outputs' to avoid re-running this script phase.\necho \"SUCCESS\" > \"${SCRIPT_OUTPUT_FILE_0}\"\n";
			showEnvVarsInLog = 0;
		};
		619DB06C36E6B00147669361 /* [CP] Check Pods Manifest.lock */ = {
			isa = PBXShellScriptBuildPhase;
			buildActionMask = 2147483647;
			files = (
			);
			inputPaths = (
				"${PODS_PODFILE_DIR_PATH}/Podfile.lock",
				"${PODS_ROOT}/Manifest.lock",
			);
			name = "[CP] Check Pods Manifest.lock";
			outputPaths = (
				"$(DERIVED_FILE_DIR)/Pods-MonsUITests-checkManifestLockResult.txt",
			);
			runOnlyForDeploymentPostprocessing = 0;
			shellPath = /bin/sh;
			shellScript = "diff \"${PODS_PODFILE_DIR_PATH}/Podfile.lock\" \"${PODS_ROOT}/Manifest.lock\" > /dev/null\nif [ $? != 0 ] ; then\n    # print error to STDERR\n    echo \"error: The sandbox is not in sync with the Podfile.lock. Run 'pod install' or update your CocoaPods installation.\" >&2\n    exit 1\nfi\n# This output is used by Xcode 'outputs' to avoid re-running this script phase.\necho \"SUCCESS\" > \"${SCRIPT_OUTPUT_FILE_0}\"\n";
			showEnvVarsInLog = 0;
		};
		C8A2DE7DB96E2F5DE2BE485C /* [CP] Embed Pods Frameworks */ = {
			isa = PBXShellScriptBuildPhase;
			buildActionMask = 2147483647;
			files = (
			);
			inputPaths = (
				"${SRCROOT}/Pods/Target Support Files/Pods-Mons/Pods-Mons-frameworks.sh",
				"${BUILT_PRODUCTS_DIR}/ACTabScrollView/ACTabScrollView.framework",
				"${BUILT_PRODUCTS_DIR}/InteractiveSideMenu/InteractiveSideMenu.framework",
				"${BUILT_PRODUCTS_DIR}/JTAppleCalendar/JTAppleCalendar.framework",
				"${BUILT_PRODUCTS_DIR}/YouTubePlayer/YouTubePlayer.framework",
				"${BUILT_PRODUCTS_DIR}/YouTubePlayer-Swift/YouTubePlayer_Swift.framework",
			);
			name = "[CP] Embed Pods Frameworks";
			outputPaths = (
				"${TARGET_BUILD_DIR}/${FRAMEWORKS_FOLDER_PATH}/ACTabScrollView.framework",
				"${TARGET_BUILD_DIR}/${FRAMEWORKS_FOLDER_PATH}/InteractiveSideMenu.framework",
				"${TARGET_BUILD_DIR}/${FRAMEWORKS_FOLDER_PATH}/JTAppleCalendar.framework",
				"${TARGET_BUILD_DIR}/${FRAMEWORKS_FOLDER_PATH}/YouTubePlayer.framework",
				"${TARGET_BUILD_DIR}/${FRAMEWORKS_FOLDER_PATH}/YouTubePlayer_Swift.framework",
			);
			runOnlyForDeploymentPostprocessing = 0;
			shellPath = /bin/sh;
			shellScript = "\"${SRCROOT}/Pods/Target Support Files/Pods-Mons/Pods-Mons-frameworks.sh\"\n";
			showEnvVarsInLog = 0;
		};
		E4F34D5BC07C5CAFF3B8130F /* [CP] Check Pods Manifest.lock */ = {
			isa = PBXShellScriptBuildPhase;
			buildActionMask = 2147483647;
			files = (
			);
			inputPaths = (
				"${PODS_PODFILE_DIR_PATH}/Podfile.lock",
				"${PODS_ROOT}/Manifest.lock",
			);
			name = "[CP] Check Pods Manifest.lock";
			outputPaths = (
				"$(DERIVED_FILE_DIR)/Pods-MonsTests-checkManifestLockResult.txt",
			);
			runOnlyForDeploymentPostprocessing = 0;
			shellPath = /bin/sh;
			shellScript = "diff \"${PODS_PODFILE_DIR_PATH}/Podfile.lock\" \"${PODS_ROOT}/Manifest.lock\" > /dev/null\nif [ $? != 0 ] ; then\n    # print error to STDERR\n    echo \"error: The sandbox is not in sync with the Podfile.lock. Run 'pod install' or update your CocoaPods installation.\" >&2\n    exit 1\nfi\n# This output is used by Xcode 'outputs' to avoid re-running this script phase.\necho \"SUCCESS\" > \"${SCRIPT_OUTPUT_FILE_0}\"\n";
			showEnvVarsInLog = 0;
		};
/* End PBXShellScriptBuildPhase section */

/* Begin PBXSourcesBuildPhase section */
		4EDDA60020B068DE00072989 /* Sources */ = {
			isa = PBXSourcesBuildPhase;
			buildActionMask = 2147483647;
			files = (
				4E38B6B320BE753D0079B11C /* BoardTableViewController.swift in Sources */,
				4E28A2A920B57E190074B525 /* BannerViewController.swift in Sources */,
				4E38B6AD20BE5E8A0079B11C /* VideoTabScrollViewController.swift in Sources */,
				8447D6BA20B976B3006D59A8 /* YouTubePlayer.swift in Sources */,
				4E38B6AB20BE594B0079B11C /* YoutubeViewController.swift in Sources */,
				8495318F20C7CEEA00FF2ECD /* tableViewDataSource.swift in Sources */,
				8447D6E920BC38C0006D59A8 /* DataSource.swift in Sources */,
				4E38B6B120BE69C20079B11C /* BoardTabScrollViewController.swift in Sources */,
				4E0DA2FA20B168AD006569D7 /* MainViewController.swift in Sources */,
				4EDDA60A20B068DE00072989 /* ViewController.swift in Sources */,
				84BD42D120BD804700677367 /* GalleryViewController.swift in Sources */,
				84BD42D020BD804700677367 /* ImagePreviewViewController.swift in Sources */,
				4EDDA60820B068DE00072989 /* AppDelegate.swift in Sources */,
			);
			runOnlyForDeploymentPostprocessing = 0;
		};
		4EDDA61420B068DE00072989 /* Sources */ = {
			isa = PBXSourcesBuildPhase;
			buildActionMask = 2147483647;
			files = (
			);
			runOnlyForDeploymentPostprocessing = 0;
		};
		4EDDA61F20B068DE00072989 /* Sources */ = {
			isa = PBXSourcesBuildPhase;
			buildActionMask = 2147483647;
			files = (
			);
			runOnlyForDeploymentPostprocessing = 0;
		};
/* End PBXSourcesBuildPhase section */

/* Begin PBXTargetDependency section */
		4EDDA61A20B068DE00072989 /* PBXTargetDependency */ = {
			isa = PBXTargetDependency;
			target = 4EDDA60320B068DE00072989 /* Mons */;
			targetProxy = 4EDDA61920B068DE00072989 /* PBXContainerItemProxy */;
		};
		4EDDA62520B068DE00072989 /* PBXTargetDependency */ = {
			isa = PBXTargetDependency;
			target = 4EDDA60320B068DE00072989 /* Mons */;
			targetProxy = 4EDDA62420B068DE00072989 /* PBXContainerItemProxy */;
		};
/* End PBXTargetDependency section */

/* Begin PBXVariantGroup section */
		4EDDA60B20B068DE00072989 /* Main.storyboard */ = {
			isa = PBXVariantGroup;
			children = (
				4EDDA60C20B068DE00072989 /* Base */,
			);
			name = Main.storyboard;
			sourceTree = "<group>";
		};
		4EDDA61020B068DE00072989 /* LaunchScreen.storyboard */ = {
			isa = PBXVariantGroup;
			children = (
				4EDDA61120B068DE00072989 /* Base */,
			);
			name = LaunchScreen.storyboard;
			sourceTree = "<group>";
		};
/* End PBXVariantGroup section */

/* Begin XCBuildConfiguration section */
		4EDDA62A20B068DE00072989 /* Debug */ = {
			isa = XCBuildConfiguration;
			buildSettings = {
				ALWAYS_SEARCH_USER_PATHS = NO;
				CLANG_ANALYZER_NONNULL = YES;
				CLANG_ANALYZER_NUMBER_OBJECT_CONVERSION = YES_AGGRESSIVE;
				CLANG_CXX_LANGUAGE_STANDARD = "gnu++14";
				CLANG_CXX_LIBRARY = "libc++";
				CLANG_ENABLE_MODULES = YES;
				CLANG_ENABLE_OBJC_ARC = YES;
				CLANG_WARN_BLOCK_CAPTURE_AUTORELEASING = YES;
				CLANG_WARN_BOOL_CONVERSION = YES;
				CLANG_WARN_COMMA = YES;
				CLANG_WARN_CONSTANT_CONVERSION = YES;
				CLANG_WARN_DIRECT_OBJC_ISA_USAGE = YES_ERROR;
				CLANG_WARN_DOCUMENTATION_COMMENTS = YES;
				CLANG_WARN_EMPTY_BODY = YES;
				CLANG_WARN_ENUM_CONVERSION = YES;
				CLANG_WARN_INFINITE_RECURSION = YES;
				CLANG_WARN_INT_CONVERSION = YES;
				CLANG_WARN_NON_LITERAL_NULL_CONVERSION = YES;
				CLANG_WARN_OBJC_LITERAL_CONVERSION = YES;
				CLANG_WARN_OBJC_ROOT_CLASS = YES_ERROR;
				CLANG_WARN_RANGE_LOOP_ANALYSIS = YES;
				CLANG_WARN_STRICT_PROTOTYPES = YES;
				CLANG_WARN_SUSPICIOUS_MOVE = YES;
				CLANG_WARN_UNGUARDED_AVAILABILITY = YES_AGGRESSIVE;
				CLANG_WARN_UNREACHABLE_CODE = YES;
				CLANG_WARN__DUPLICATE_METHOD_MATCH = YES;
				CODE_SIGN_IDENTITY = "iPhone Developer";
				COPY_PHASE_STRIP = NO;
				DEBUG_INFORMATION_FORMAT = dwarf;
				ENABLE_STRICT_OBJC_MSGSEND = YES;
				ENABLE_TESTABILITY = YES;
				GCC_C_LANGUAGE_STANDARD = gnu11;
				GCC_DYNAMIC_NO_PIC = NO;
				GCC_NO_COMMON_BLOCKS = YES;
				GCC_OPTIMIZATION_LEVEL = 0;
				GCC_PREPROCESSOR_DEFINITIONS = (
					"DEBUG=1",
					"$(inherited)",
				);
				GCC_WARN_64_TO_32_BIT_CONVERSION = YES;
				GCC_WARN_ABOUT_RETURN_TYPE = YES_ERROR;
				GCC_WARN_UNDECLARED_SELECTOR = YES;
				GCC_WARN_UNINITIALIZED_AUTOS = YES_AGGRESSIVE;
				GCC_WARN_UNUSED_FUNCTION = YES;
				GCC_WARN_UNUSED_VARIABLE = YES;
				IPHONEOS_DEPLOYMENT_TARGET = 11.2;
				MTL_ENABLE_DEBUG_INFO = YES;
				ONLY_ACTIVE_ARCH = YES;
				SDKROOT = iphoneos;
				SWIFT_ACTIVE_COMPILATION_CONDITIONS = DEBUG;
				SWIFT_OPTIMIZATION_LEVEL = "-Onone";
			};
			name = Debug;
		};
		4EDDA62B20B068DE00072989 /* Release */ = {
			isa = XCBuildConfiguration;
			buildSettings = {
				ALWAYS_SEARCH_USER_PATHS = NO;
				CLANG_ANALYZER_NONNULL = YES;
				CLANG_ANALYZER_NUMBER_OBJECT_CONVERSION = YES_AGGRESSIVE;
				CLANG_CXX_LANGUAGE_STANDARD = "gnu++14";
				CLANG_CXX_LIBRARY = "libc++";
				CLANG_ENABLE_MODULES = YES;
				CLANG_ENABLE_OBJC_ARC = YES;
				CLANG_WARN_BLOCK_CAPTURE_AUTORELEASING = YES;
				CLANG_WARN_BOOL_CONVERSION = YES;
				CLANG_WARN_COMMA = YES;
				CLANG_WARN_CONSTANT_CONVERSION = YES;
				CLANG_WARN_DIRECT_OBJC_ISA_USAGE = YES_ERROR;
				CLANG_WARN_DOCUMENTATION_COMMENTS = YES;
				CLANG_WARN_EMPTY_BODY = YES;
				CLANG_WARN_ENUM_CONVERSION = YES;
				CLANG_WARN_INFINITE_RECURSION = YES;
				CLANG_WARN_INT_CONVERSION = YES;
				CLANG_WARN_NON_LITERAL_NULL_CONVERSION = YES;
				CLANG_WARN_OBJC_LITERAL_CONVERSION = YES;
				CLANG_WARN_OBJC_ROOT_CLASS = YES_ERROR;
				CLANG_WARN_RANGE_LOOP_ANALYSIS = YES;
				CLANG_WARN_STRICT_PROTOTYPES = YES;
				CLANG_WARN_SUSPICIOUS_MOVE = YES;
				CLANG_WARN_UNGUARDED_AVAILABILITY = YES_AGGRESSIVE;
				CLANG_WARN_UNREACHABLE_CODE = YES;
				CLANG_WARN__DUPLICATE_METHOD_MATCH = YES;
				CODE_SIGN_IDENTITY = "iPhone Developer";
				COPY_PHASE_STRIP = NO;
				DEBUG_INFORMATION_FORMAT = "dwarf-with-dsym";
				ENABLE_NS_ASSERTIONS = NO;
				ENABLE_STRICT_OBJC_MSGSEND = YES;
				GCC_C_LANGUAGE_STANDARD = gnu11;
				GCC_NO_COMMON_BLOCKS = YES;
				GCC_WARN_64_TO_32_BIT_CONVERSION = YES;
				GCC_WARN_ABOUT_RETURN_TYPE = YES_ERROR;
				GCC_WARN_UNDECLARED_SELECTOR = YES;
				GCC_WARN_UNINITIALIZED_AUTOS = YES_AGGRESSIVE;
				GCC_WARN_UNUSED_FUNCTION = YES;
				GCC_WARN_UNUSED_VARIABLE = YES;
				IPHONEOS_DEPLOYMENT_TARGET = 11.2;
				MTL_ENABLE_DEBUG_INFO = NO;
				SDKROOT = iphoneos;
				SWIFT_OPTIMIZATION_LEVEL = "-Owholemodule";
				VALIDATE_PRODUCT = YES;
			};
			name = Release;
		};
		4EDDA62D20B068DE00072989 /* Debug */ = {
			isa = XCBuildConfiguration;
			baseConfigurationReference = 11EA2AFBEA910DAF45D49F46 /* Pods-Mons.debug.xcconfig */;
			buildSettings = {
				ASSETCATALOG_COMPILER_APPICON_NAME = AppIcon;
				"CODE_SIGN_IDENTITY[sdk=iphoneos*]" = "iPhone Developer";
				CODE_SIGN_STYLE = Automatic;
				DEVELOPMENT_TEAM = 35VHWPS54T;
				INFOPLIST_FILE = Mons/Info.plist;
				IPHONEOS_DEPLOYMENT_TARGET = 11.2;
				LD_RUNPATH_SEARCH_PATHS = "$(inherited) @executable_path/Frameworks";
				PRODUCT_BUNDLE_IDENTIFIER = jungwon.sy.Mons;
				PRODUCT_NAME = "$(TARGET_NAME)";
				PROVISIONING_PROFILE_SPECIFIER = "";
				SWIFT_VERSION = 4.0;
				TARGETED_DEVICE_FAMILY = "1,2";
			};
			name = Debug;
		};
		4EDDA62E20B068DE00072989 /* Release */ = {
			isa = XCBuildConfiguration;
			baseConfigurationReference = CC16A4D81D9E1589C4EB88A6 /* Pods-Mons.release.xcconfig */;
			buildSettings = {
				ASSETCATALOG_COMPILER_APPICON_NAME = AppIcon;
				"CODE_SIGN_IDENTITY[sdk=iphoneos*]" = "iPhone Developer";
				CODE_SIGN_STYLE = Automatic;
				DEVELOPMENT_TEAM = 35VHWPS54T;
				INFOPLIST_FILE = Mons/Info.plist;
				IPHONEOS_DEPLOYMENT_TARGET = 11.2;
				LD_RUNPATH_SEARCH_PATHS = "$(inherited) @executable_path/Frameworks";
				PRODUCT_BUNDLE_IDENTIFIER = jungwon.sy.Mons;
				PRODUCT_NAME = "$(TARGET_NAME)";
				PROVISIONING_PROFILE_SPECIFIER = "";
				SWIFT_VERSION = 4.0;
				TARGETED_DEVICE_FAMILY = "1,2";
			};
			name = Release;
		};
		4EDDA63020B068DE00072989 /* Debug */ = {
			isa = XCBuildConfiguration;
			baseConfigurationReference = AA79B1356C9FBBE99A726C72 /* Pods-MonsTests.debug.xcconfig */;
			buildSettings = {
				ALWAYS_EMBED_SWIFT_STANDARD_LIBRARIES = YES;
				BUNDLE_LOADER = "$(TEST_HOST)";
				CODE_SIGN_STYLE = Automatic;
				DEVELOPMENT_TEAM = 35VHWPS54T;
				INFOPLIST_FILE = MonsTests/Info.plist;
				LD_RUNPATH_SEARCH_PATHS = "$(inherited) @executable_path/Frameworks @loader_path/Frameworks";
				PRODUCT_BUNDLE_IDENTIFIER = jungwon.sy.MonsTests;
				PRODUCT_NAME = "$(TARGET_NAME)";
				SWIFT_VERSION = 4.0;
				TARGETED_DEVICE_FAMILY = "1,2";
				TEST_HOST = "$(BUILT_PRODUCTS_DIR)/Mons.app/Mons";
			};
			name = Debug;
		};
		4EDDA63120B068DE00072989 /* Release */ = {
			isa = XCBuildConfiguration;
			baseConfigurationReference = 5B818DB37761EC3DD8580889 /* Pods-MonsTests.release.xcconfig */;
			buildSettings = {
				ALWAYS_EMBED_SWIFT_STANDARD_LIBRARIES = YES;
				BUNDLE_LOADER = "$(TEST_HOST)";
				CODE_SIGN_STYLE = Automatic;
				DEVELOPMENT_TEAM = 35VHWPS54T;
				INFOPLIST_FILE = MonsTests/Info.plist;
				LD_RUNPATH_SEARCH_PATHS = "$(inherited) @executable_path/Frameworks @loader_path/Frameworks";
				PRODUCT_BUNDLE_IDENTIFIER = jungwon.sy.MonsTests;
				PRODUCT_NAME = "$(TARGET_NAME)";
				SWIFT_VERSION = 4.0;
				TARGETED_DEVICE_FAMILY = "1,2";
				TEST_HOST = "$(BUILT_PRODUCTS_DIR)/Mons.app/Mons";
			};
			name = Release;
		};
		4EDDA63320B068DE00072989 /* Debug */ = {
			isa = XCBuildConfiguration;
			baseConfigurationReference = B1D590D7864937BDBC08C15B /* Pods-MonsUITests.debug.xcconfig */;
			buildSettings = {
				ALWAYS_EMBED_SWIFT_STANDARD_LIBRARIES = YES;
				CODE_SIGN_STYLE = Automatic;
				DEVELOPMENT_TEAM = 35VHWPS54T;
				INFOPLIST_FILE = MonsUITests/Info.plist;
				LD_RUNPATH_SEARCH_PATHS = "$(inherited) @executable_path/Frameworks @loader_path/Frameworks";
				PRODUCT_BUNDLE_IDENTIFIER = jungwon.sy.MonsUITests;
				PRODUCT_NAME = "$(TARGET_NAME)";
				SWIFT_VERSION = 4.0;
				TARGETED_DEVICE_FAMILY = "1,2";
				TEST_TARGET_NAME = Mons;
			};
			name = Debug;
		};
		4EDDA63420B068DE00072989 /* Release */ = {
			isa = XCBuildConfiguration;
			baseConfigurationReference = A7049C4975DD47E97605EF91 /* Pods-MonsUITests.release.xcconfig */;
			buildSettings = {
				ALWAYS_EMBED_SWIFT_STANDARD_LIBRARIES = YES;
				CODE_SIGN_STYLE = Automatic;
				DEVELOPMENT_TEAM = 35VHWPS54T;
				INFOPLIST_FILE = MonsUITests/Info.plist;
				LD_RUNPATH_SEARCH_PATHS = "$(inherited) @executable_path/Frameworks @loader_path/Frameworks";
				PRODUCT_BUNDLE_IDENTIFIER = jungwon.sy.MonsUITests;
				PRODUCT_NAME = "$(TARGET_NAME)";
				SWIFT_VERSION = 4.0;
				TARGETED_DEVICE_FAMILY = "1,2";
				TEST_TARGET_NAME = Mons;
			};
			name = Release;
		};
/* End XCBuildConfiguration section */

/* Begin XCConfigurationList section */
		4EDDA5FF20B068DE00072989 /* Build configuration list for PBXProject "Mons" */ = {
			isa = XCConfigurationList;
			buildConfigurations = (
				4EDDA62A20B068DE00072989 /* Debug */,
				4EDDA62B20B068DE00072989 /* Release */,
			);
			defaultConfigurationIsVisible = 0;
			defaultConfigurationName = Release;
		};
		4EDDA62C20B068DE00072989 /* Build configuration list for PBXNativeTarget "Mons" */ = {
			isa = XCConfigurationList;
			buildConfigurations = (
				4EDDA62D20B068DE00072989 /* Debug */,
				4EDDA62E20B068DE00072989 /* Release */,
			);
			defaultConfigurationIsVisible = 0;
			defaultConfigurationName = Release;
		};
		4EDDA62F20B068DE00072989 /* Build configuration list for PBXNativeTarget "MonsTests" */ = {
			isa = XCConfigurationList;
			buildConfigurations = (
				4EDDA63020B068DE00072989 /* Debug */,
				4EDDA63120B068DE00072989 /* Release */,
			);
			defaultConfigurationIsVisible = 0;
			defaultConfigurationName = Release;
		};
		4EDDA63220B068DE00072989 /* Build configuration list for PBXNativeTarget "MonsUITests" */ = {
			isa = XCConfigurationList;
			buildConfigurations = (
				4EDDA63320B068DE00072989 /* Debug */,
				4EDDA63420B068DE00072989 /* Release */,
			);
			defaultConfigurationIsVisible = 0;
			defaultConfigurationName = Release;
		};
/* End XCConfigurationList section */
	};
	rootObject = 4EDDA5FC20B068DE00072989 /* Project object */;
}
