// !$*UTF8*$!
{
	archiveVersion = 1;
	classes = {
	};
	objectVersion = 48;
	objects = {

/* Begin PBXBuildFile section */
		4EDDA60820B068DE00072989 /* AppDelegate.swift in Sources */ = {isa = PBXBuildFile; fileRef = 4EDDA60720B068DE00072989 /* AppDelegate.swift */; };
		4EDDA60A20B068DE00072989 /* ViewController.swift in Sources */ = {isa = PBXBuildFile; fileRef = 4EDDA60920B068DE00072989 /* ViewController.swift */; };
		4EDDA60D20B068DE00072989 /* Main.storyboard in Resources */ = {isa = PBXBuildFile; fileRef = 4EDDA60B20B068DE00072989 /* Main.storyboard */; };
		4EDDA60F20B068DE00072989 /* Assets.xcassets in Resources */ = {isa = PBXBuildFile; fileRef = 4EDDA60E20B068DE00072989 /* Assets.xcassets */; };
		4EDDA61220B068DE00072989 /* LaunchScreen.storyboard in Resources */ = {isa = PBXBuildFile; fileRef = 4EDDA61020B068DE00072989 /* LaunchScreen.storyboard */; };
		4EDDA61D20B068DE00072989 /* MonsTests.swift in Sources */ = {isa = PBXBuildFile; fileRef = 4EDDA61C20B068DE00072989 /* MonsTests.swift */; };
		4EDDA62820B068DE00072989 /* MonsUITests.swift in Sources */ = {isa = PBXBuildFile; fileRef = 4EDDA62720B068DE00072989 /* MonsUITests.swift */; };
/* End PBXBuildFile section */

/* Begin PBXContainerItemProxy section */
		4EDDA61920B068DE00072989 /* PBXContainerItemProxy */ = {
			isa = PBXContainerItemProxy;
			containerPortal = 4EDDA5FC20B068DE00072989 /* Project object */;
			proxyType = 1;
			remoteGlobalIDString = 4EDDA60320B068DE00072989;
			remoteInfo = Mons;
		};
		4EDDA62420B068DE00072989 /* PBXContainerItemProxy */ = {
			isa = PBXContainerItemProxy;
			containerPortal = 4EDDA5FC20B068DE00072989 /* Project object */;
			proxyType = 1;
			remoteGlobalIDString = 4EDDA60320B068DE00072989;
			remoteInfo = Mons;
		};
/* End PBXContainerItemProxy section */

/* Begin PBXFileReference section */
		4EDDA60420B068DE00072989 /* Mons.app */ = {isa = PBXFileReference; explicitFileType = wrapper.application; includeInIndex = 0; path = Mons.app; sourceTree = BUILT_PRODUCTS_DIR; };
		4EDDA60720B068DE00072989 /* AppDelegate.swift */ = {isa = PBXFileReference; lastKnownFileType = sourcecode.swift; path = AppDelegate.swift; sourceTree = "<group>"; };
		4EDDA60920B068DE00072989 /* ViewController.swift */ = {isa = PBXFileReference; lastKnownFileType = sourcecode.swift; path = ViewController.swift; sourceTree = "<group>"; };
		4EDDA60C20B068DE00072989 /* Base */ = {isa = PBXFileReference; lastKnownFileType = file.storyboard; name = Base; path = Base.lproj/Main.storyboard; sourceTree = "<group>"; };
		4EDDA60E20B068DE00072989 /* Assets.xcassets */ = {isa = PBXFileReference; lastKnownFileType = folder.assetcatalog; path = Assets.xcassets; sourceTree = "<group>"; };
		4EDDA61120B068DE00072989 /* Base */ = {isa = PBXFileReference; lastKnownFileType = file.storyboard; name = Base; path = Base.lproj/LaunchScreen.storyboard; sourceTree = "<group>"; };
		4EDDA61320B068DE00072989 /* Info.plist */ = {isa = PBXFileReference; lastKnownFileType = text.plist.xml; path = Info.plist; sourceTree = "<group>"; };
		4EDDA61820B068DE00072989 /* MonsTests.xctest */ = {isa = PBXFileReference; explicitFileType = wrapper.cfbundle; includeInIndex = 0; path = MonsTests.xctest; sourceTree = BUILT_PRODUCTS_DIR; };
		4EDDA61C20B068DE00072989 /* MonsTests.swift */ = {isa = PBXFileReference; lastKnownFileType = sourcecode.swift; path = MonsTests.swift; sourceTree = "<group>"; };
		4EDDA61E20B068DE00072989 /* Info.plist */ = {isa = PBXFileReference; lastKnownFileType = text.plist.xml; path = Info.plist; sourceTree = "<group>"; };
		4EDDA62320B068DE00072989 /* MonsUITests.xctest */ = {isa = PBXFileReference; explicitFileType = wrapper.cfbundle; includeInIndex = 0; path = MonsUITests.xctest; sourceTree = BUILT_PRODUCTS_DIR; };
		4EDDA62720B068DE00072989 /* MonsUITests.swift */ = {isa = PBXFileReference; lastKnownFileType = sourcecode.swift; path = MonsUITests.swift; sourceTree = "<group>"; };
		4EDDA62920B068DE00072989 /* Info.plist */ = {isa = PBXFileReference; lastKnownFileType = text.plist.xml; path = Info.plist; sourceTree = "<group>"; };
/* End PBXFileReference section */

/* Begin PBXFrameworksBuildPhase section */
		4EDDA60120B068DE00072989 /* Frameworks */ = {
			isa = PBXFrameworksBuildPhase;
			buildActionMask = 2147483647;
			files = (
			);
			runOnlyForDeploymentPostprocessing = 0;
		};
		4EDDA61520B068DE00072989 /* Frameworks */ = {
			isa = PBXFrameworksBuildPhase;
			buildActionMask = 2147483647;
			files = (
			);
			runOnlyForDeploymentPostprocessing = 0;
		};
		4EDDA62020B068DE00072989 /* Frameworks */ = {
			isa = PBXFrameworksBuildPhase;
			buildActionMask = 2147483647;
			files = (
			);
			runOnlyForDeploymentPostprocessing = 0;
		};
/* End PBXFrameworksBuildPhase section */

/* Begin PBXGroup section */
		4EDDA5FB20B068DE00072989 = {
			isa = PBXGroup;
			children = (
				4EDDA60620B068DE00072989 /* Mons */,
				4EDDA61B20B068DE00072989 /* MonsTests */,
				4EDDA62620B068DE00072989 /* MonsUITests */,
				4EDDA60520B068DE00072989 /* Products */,
			);
			sourceTree = "<group>";
		};
		4EDDA60520B068DE00072989 /* Products */ = {
			isa = PBXGroup;
			children = (
				4EDDA60420B068DE00072989 /* Mons.app */,
				4EDDA61820B068DE00072989 /* MonsTests.xctest */,
				4EDDA62320B068DE00072989 /* MonsUITests.xctest */,
			);
			name = Products;
			sourceTree = "<group>";
		};
		4EDDA60620B068DE00072989 /* Mons */ = {
			isa = PBXGroup;
			children = (
				4EDDA60720B068DE00072989 /* AppDelegate.swift */,
				4EDDA60920B068DE00072989 /* ViewController.swift */,
				4EDDA60B20B068DE00072989 /* Main.storyboard */,
				4EDDA60E20B068DE00072989 /* Assets.xcassets */,
				4EDDA61020B068DE00072989 /* LaunchScreen.storyboard */,
				4EDDA61320B068DE00072989 /* Info.plist */,
			);
			path = Mons;
			sourceTree = "<group>";
		};
		4EDDA61B20B068DE00072989 /* MonsTests */ = {
			isa = PBXGroup;
			children = (
				4EDDA61C20B068DE00072989 /* MonsTests.swift */,
				4EDDA61E20B068DE00072989 /* Info.plist */,
			);
			path = MonsTests;
			sourceTree = "<group>";
		};
		4EDDA62620B068DE00072989 /* MonsUITests */ = {
			isa = PBXGroup;
			children = (
				4EDDA62720B068DE00072989 /* MonsUITests.swift */,
				4EDDA62920B068DE00072989 /* Info.plist */,
			);
			path = MonsUITests;
			sourceTree = "<group>";
		};
/* End PBXGroup section */

/* Begin PBXNativeTarget section */
		4EDDA60320B068DE00072989 /* Mons */ = {
			isa = PBXNativeTarget;
			buildConfigurationList = 4EDDA62C20B068DE00072989 /* Build configuration list for PBXNativeTarget "Mons" */;
			buildPhases = (
				4EDDA60020B068DE00072989 /* Sources */,
				4EDDA60120B068DE00072989 /* Frameworks */,
				4EDDA60220B068DE00072989 /* Resources */,
			);
			buildRules = (
			);
			dependencies = (
			);
			name = Mons;
			productName = Mons;
			productReference = 4EDDA60420B068DE00072989 /* Mons.app */;
			productType = "com.apple.product-type.application";
		};
		4EDDA61720B068DE00072989 /* MonsTests */ = {
			isa = PBXNativeTarget;
			buildConfigurationList = 4EDDA62F20B068DE00072989 /* Build configuration list for PBXNativeTarget "MonsTests" */;
			buildPhases = (
				4EDDA61420B068DE00072989 /* Sources */,
				4EDDA61520B068DE00072989 /* Frameworks */,
				4EDDA61620B068DE00072989 /* Resources */,
			);
			buildRules = (
			);
			dependencies = (
				4EDDA61A20B068DE00072989 /* PBXTargetDependency */,
			);
			name = MonsTests;
			productName = MonsTests;
			productReference = 4EDDA61820B068DE00072989 /* MonsTests.xctest */;
			productType = "com.apple.product-type.bundle.unit-test";
		};
		4EDDA62220B068DE00072989 /* MonsUITests */ = {
			isa = PBXNativeTarget;
			buildConfigurationList = 4EDDA63220B068DE00072989 /* Build configuration list for PBXNativeTarget "MonsUITests" */;
			buildPhases = (
				4EDDA61F20B068DE00072989 /* Sources */,
				4EDDA62020B068DE00072989 /* Frameworks */,
				4EDDA62120B068DE00072989 /* Resources */,
			);
			buildRules = (
			);
			dependencies = (
				4EDDA62520B068DE00072989 /* PBXTargetDependency */,
			);
			name = MonsUITests;
			productName = MonsUITests;
			productReference = 4EDDA62320B068DE00072989 /* MonsUITests.xctest */;
			productType = "com.apple.product-type.bundle.ui-testing";
		};
/* End PBXNativeTarget section */

/* Begin PBXProject section */
		4EDDA5FC20B068DE00072989 /* Project object */ = {
			isa = PBXProject;
			attributes = {
				LastSwiftUpdateCheck = 0920;
				LastUpgradeCheck = 0920;
				ORGANIZATIONNAME = jungwon.sy;
				TargetAttributes = {
					4EDDA60320B068DE00072989 = {
						CreatedOnToolsVersion = 9.2;
						ProvisioningStyle = Automatic;
					};
					4EDDA61720B068DE00072989 = {
						CreatedOnToolsVersion = 9.2;
						ProvisioningStyle = Automatic;
						TestTargetID = 4EDDA60320B068DE00072989;
					};
					4EDDA62220B068DE00072989 = {
						CreatedOnToolsVersion = 9.2;
						ProvisioningStyle = Automatic;
						TestTargetID = 4EDDA60320B068DE00072989;
					};
				};
			};
			buildConfigurationList = 4EDDA5FF20B068DE00072989 /* Build configuration list for PBXProject "Mons" */;
			compatibilityVersion = "Xcode 8.0";
			developmentRegion = en;
			hasScannedForEncodings = 0;
			knownRegions = (
				en,
				Base,
			);
			mainGroup = 4EDDA5FB20B068DE00072989;
			productRefGroup = 4EDDA60520B068DE00072989 /* Products */;
			projectDirPath = "";
			projectRoot = "";
			targets = (
				4EDDA60320B068DE00072989 /* Mons */,
				4EDDA61720B068DE00072989 /* MonsTests */,
				4EDDA62220B068DE00072989 /* MonsUITests */,
			);
		};
/* End PBXProject section */

/* Begin PBXResourcesBuildPhase section */
		4EDDA60220B068DE00072989 /* Resources */ = {
			isa = PBXResourcesBuildPhase;
			buildActionMask = 2147483647;
			files = (
				4EDDA61220B068DE00072989 /* LaunchScreen.storyboard in Resources */,
				4EDDA60F20B068DE00072989 /* Assets.xcassets in Resources */,
				4EDDA60D20B068DE00072989 /* Main.storyboard in Resources */,
			);
			runOnlyForDeploymentPostprocessing = 0;
		};
		4EDDA61620B068DE00072989 /* Resources */ = {
			isa = PBXResourcesBuildPhase;
			buildActionMask = 2147483647;
			files = (
			);
			runOnlyForDeploymentPostprocessing = 0;
		};
		4EDDA62120B068DE00072989 /* Resources */ = {
			isa = PBXResourcesBuildPhase;
			buildActionMask = 2147483647;
			files = (
			);
			runOnlyForDeploymentPostprocessing = 0;
		};
/* End PBXResourcesBuildPhase section */

/* Begin PBXSourcesBuildPhase section */
		4EDDA60020B068DE00072989 /* Sources */ = {
			isa = PBXSourcesBuildPhase;
			buildActionMask = 2147483647;
			files = (
				4EDDA60A20B068DE00072989 /* ViewController.swift in Sources */,
				4EDDA60820B068DE00072989 /* AppDelegate.swift in Sources */,
			);
			runOnlyForDeploymentPostprocessing = 0;
		};
		4EDDA61420B068DE00072989 /* Sources */ = {
			isa = PBXSourcesBuildPhase;
			buildActionMask = 2147483647;
			files = (
				4EDDA61D20B068DE00072989 /* MonsTests.swift in Sources */,
			);
			runOnlyForDeploymentPostprocessing = 0;
		};
		4EDDA61F20B068DE00072989 /* Sources */ = {
			isa = PBXSourcesBuildPhase;
			buildActionMask = 2147483647;
			files = (
				4EDDA62820B068DE00072989 /* MonsUITests.swift in Sources */,
			);
			runOnlyForDeploymentPostprocessing = 0;
		};
/* End PBXSourcesBuildPhase section */

/* Begin PBXTargetDependency section */
		4EDDA61A20B068DE00072989 /* PBXTargetDependency */ = {
			isa = PBXTargetDependency;
			target = 4EDDA60320B068DE00072989 /* Mons */;
			targetProxy = 4EDDA61920B068DE00072989 /* PBXContainerItemProxy */;
		};
		4EDDA62520B068DE00072989 /* PBXTargetDependency */ = {
			isa = PBXTargetDependency;
			target = 4EDDA60320B068DE00072989 /* Mons */;
			targetProxy = 4EDDA62420B068DE00072989 /* PBXContainerItemProxy */;
		};
/* End PBXTargetDependency section */

/* Begin PBXVariantGroup section */
		4EDDA60B20B068DE00072989 /* Main.storyboard */ = {
			isa = PBXVariantGroup;
			children = (
				4EDDA60C20B068DE00072989 /* Base */,
			);
			name = Main.storyboard;
			sourceTree = "<group>";
		};
		4EDDA61020B068DE00072989 /* LaunchScreen.storyboard */ = {
			isa = PBXVariantGroup;
			children = (
				4EDDA61120B068DE00072989 /* Base */,
			);
			name = LaunchScreen.storyboard;
			sourceTree = "<group>";
		};
/* End PBXVariantGroup section */

/* Begin XCBuildConfiguration section */
		4EDDA62A20B068DE00072989 /* Debug */ = {
			isa = XCBuildConfiguration;
			buildSettings = {
				ALWAYS_SEARCH_USER_PATHS = NO;
				CLANG_ANALYZER_NONNULL = YES;
				CLANG_ANALYZER_NUMBER_OBJECT_CONVERSION = YES_AGGRESSIVE;
				CLANG_CXX_LANGUAGE_STANDARD = "gnu++14";
				CLANG_CXX_LIBRARY = "libc++";
				CLANG_ENABLE_MODULES = YES;
				CLANG_ENABLE_OBJC_ARC = YES;
				CLANG_WARN_BLOCK_CAPTURE_AUTORELEASING = YES;
				CLANG_WARN_BOOL_CONVERSION = YES;
				CLANG_WARN_COMMA = YES;
				CLANG_WARN_CONSTANT_CONVERSION = YES;
				CLANG_WARN_DIRECT_OBJC_ISA_USAGE = YES_ERROR;
				CLANG_WARN_DOCUMENTATION_COMMENTS = YES;
				CLANG_WARN_EMPTY_BODY = YES;
				CLANG_WARN_ENUM_CONVERSION = YES;
				CLANG_WARN_INFINITE_RECURSION = YES;
				CLANG_WARN_INT_CONVERSION = YES;
				CLANG_WARN_NON_LITERAL_NULL_CONVERSION = YES;
				CLANG_WARN_OBJC_LITERAL_CONVERSION = YES;
				CLANG_WARN_OBJC_ROOT_CLASS = YES_ERROR;
				CLANG_WARN_RANGE_LOOP_ANALYSIS = YES;
				CLANG_WARN_STRICT_PROTOTYPES = YES;
				CLANG_WARN_SUSPICIOUS_MOVE = YES;
				CLANG_WARN_UNGUARDED_AVAILABILITY = YES_AGGRESSIVE;
				CLANG_WARN_UNREACHABLE_CODE = YES;
				CLANG_WARN__DUPLICATE_METHOD_MATCH = YES;
				CODE_SIGN_IDENTITY = "iPhone Developer";
				COPY_PHASE_STRIP = NO;
				DEBUG_INFORMATION_FORMAT = dwarf;
				ENABLE_STRICT_OBJC_MSGSEND = YES;
				ENABLE_TESTABILITY = YES;
				GCC_C_LANGUAGE_STANDARD = gnu11;
				GCC_DYNAMIC_NO_PIC = NO;
				GCC_NO_COMMON_BLOCKS = YES;
				GCC_OPTIMIZATION_LEVEL = 0;
				GCC_PREPROCESSOR_DEFINITIONS = (
					"DEBUG=1",
					"$(inherited)",
				);
				GCC_WARN_64_TO_32_BIT_CONVERSION = YES;
				GCC_WARN_ABOUT_RETURN_TYPE = YES_ERROR;
				GCC_WARN_UNDECLARED_SELECTOR = YES;
				GCC_WARN_UNINITIALIZED_AUTOS = YES_AGGRESSIVE;
				GCC_WARN_UNUSED_FUNCTION = YES;
				GCC_WARN_UNUSED_VARIABLE = YES;
				IPHONEOS_DEPLOYMENT_TARGET = 11.2;
				MTL_ENABLE_DEBUG_INFO = YES;
				ONLY_ACTIVE_ARCH = YES;
				SDKROOT = iphoneos;
				SWIFT_ACTIVE_COMPILATION_CONDITIONS = DEBUG;
				SWIFT_OPTIMIZATION_LEVEL = "-Onone";
			};
			name = Debug;
		};
		4EDDA62B20B068DE00072989 /* Release */ = {
			isa = XCBuildConfiguration;
			buildSettings = {
				ALWAYS_SEARCH_USER_PATHS = NO;
				CLANG_ANALYZER_NONNULL = YES;
				CLANG_ANALYZER_NUMBER_OBJECT_CONVERSION = YES_AGGRESSIVE;
				CLANG_CXX_LANGUAGE_STANDARD = "gnu++14";
				CLANG_CXX_LIBRARY = "libc++";
				CLANG_ENABLE_MODULES = YES;
				CLANG_ENABLE_OBJC_ARC = YES;
				CLANG_WARN_BLOCK_CAPTURE_AUTORELEASING = YES;
				CLANG_WARN_BOOL_CONVERSION = YES;
				CLANG_WARN_COMMA = YES;
				CLANG_WARN_CONSTANT_CONVERSION = YES;
				CLANG_WARN_DIRECT_OBJC_ISA_USAGE = YES_ERROR;
				CLANG_WARN_DOCUMENTATION_COMMENTS = YES;
				CLANG_WARN_EMPTY_BODY = YES;
				CLANG_WARN_ENUM_CONVERSION = YES;
				CLANG_WARN_INFINITE_RECURSION = YES;
				CLANG_WARN_INT_CONVERSION = YES;
				CLANG_WARN_NON_LITERAL_NULL_CONVERSION = YES;
				CLANG_WARN_OBJC_LITERAL_CONVERSION = YES;
				CLANG_WARN_OBJC_ROOT_CLASS = YES_ERROR;
				CLANG_WARN_RANGE_LOOP_ANALYSIS = YES;
				CLANG_WARN_STRICT_PROTOTYPES = YES;
				CLANG_WARN_SUSPICIOUS_MOVE = YES;
				CLANG_WARN_UNGUARDED_AVAILABILITY = YES_AGGRESSIVE;
				CLANG_WARN_UNREACHABLE_CODE = YES;
				CLANG_WARN__DUPLICATE_METHOD_MATCH = YES;
				CODE_SIGN_IDENTITY = "iPhone Developer";
				COPY_PHASE_STRIP = NO;
				DEBUG_INFORMATION_FORMAT = "dwarf-with-dsym";
				ENABLE_NS_ASSERTIONS = NO;
				ENABLE_STRICT_OBJC_MSGSEND = YES;
				GCC_C_LANGUAGE_STANDARD = gnu11;
				GCC_NO_COMMON_BLOCKS = YES;
				GCC_WARN_64_TO_32_BIT_CONVERSION = YES;
				GCC_WARN_ABOUT_RETURN_TYPE = YES_ERROR;
				GCC_WARN_UNDECLARED_SELECTOR = YES;
				GCC_WARN_UNINITIALIZED_AUTOS = YES_AGGRESSIVE;
				GCC_WARN_UNUSED_FUNCTION = YES;
				GCC_WARN_UNUSED_VARIABLE = YES;
				IPHONEOS_DEPLOYMENT_TARGET = 11.2;
				MTL_ENABLE_DEBUG_INFO = NO;
				SDKROOT = iphoneos;
				SWIFT_OPTIMIZATION_LEVEL = "-Owholemodule";
				VALIDATE_PRODUCT = YES;
			};
			name = Release;
		};
		4EDDA62D20B068DE00072989 /* Debug */ = {
			isa = XCBuildConfiguration;
			buildSettings = {
				ASSETCATALOG_COMPILER_APPICON_NAME = AppIcon;
				CODE_SIGN_STYLE = Automatic;
				DEVELOPMENT_TEAM = 35VHWPS54T;
				INFOPLIST_FILE = Mons/Info.plist;
				LD_RUNPATH_SEARCH_PATHS = "$(inherited) @executable_path/Frameworks";
				PRODUCT_BUNDLE_IDENTIFIER = jungwon.sy.Mons;
				PRODUCT_NAME = "$(TARGET_NAME)";
				SWIFT_VERSION = 4.0;
				TARGETED_DEVICE_FAMILY = "1,2";
			};
			name = Debug;
		};
		4EDDA62E20B068DE00072989 /* Release */ = {
			isa = XCBuildConfiguration;
			buildSettings = {
				ASSETCATALOG_COMPILER_APPICON_NAME = AppIcon;
				CODE_SIGN_STYLE = Automatic;
				DEVELOPMENT_TEAM = 35VHWPS54T;
				INFOPLIST_FILE = Mons/Info.plist;
				LD_RUNPATH_SEARCH_PATHS = "$(inherited) @executable_path/Frameworks";
				PRODUCT_BUNDLE_IDENTIFIER = jungwon.sy.Mons;
				PRODUCT_NAME = "$(TARGET_NAME)";
				SWIFT_VERSION = 4.0;
				TARGETED_DEVICE_FAMILY = "1,2";
			};
			name = Release;
		};
		4EDDA63020B068DE00072989 /* Debug */ = {
			isa = XCBuildConfiguration;
			buildSettings = {
				ALWAYS_EMBED_SWIFT_STANDARD_LIBRARIES = YES;
				BUNDLE_LOADER = "$(TEST_HOST)";
				CODE_SIGN_STYLE = Automatic;
				DEVELOPMENT_TEAM = 35VHWPS54T;
				INFOPLIST_FILE = MonsTests/Info.plist;
				LD_RUNPATH_SEARCH_PATHS = "$(inherited) @executable_path/Frameworks @loader_path/Frameworks";
				PRODUCT_BUNDLE_IDENTIFIER = jungwon.sy.MonsTests;
				PRODUCT_NAME = "$(TARGET_NAME)";
				SWIFT_VERSION = 4.0;
				TARGETED_DEVICE_FAMILY = "1,2";
				TEST_HOST = "$(BUILT_PRODUCTS_DIR)/Mons.app/Mons";
			};
			name = Debug;
		};
		4EDDA63120B068DE00072989 /* Release */ = {
			isa = XCBuildConfiguration;
			buildSettings = {
				ALWAYS_EMBED_SWIFT_STANDARD_LIBRARIES = YES;
				BUNDLE_LOADER = "$(TEST_HOST)";
				CODE_SIGN_STYLE = Automatic;
				DEVELOPMENT_TEAM = 35VHWPS54T;
				INFOPLIST_FILE = MonsTests/Info.plist;
				LD_RUNPATH_SEARCH_PATHS = "$(inherited) @executable_path/Frameworks @loader_path/Frameworks";
				PRODUCT_BUNDLE_IDENTIFIER = jungwon.sy.MonsTests;
				PRODUCT_NAME = "$(TARGET_NAME)";
				SWIFT_VERSION = 4.0;
				TARGETED_DEVICE_FAMILY = "1,2";
				TEST_HOST = "$(BUILT_PRODUCTS_DIR)/Mons.app/Mons";
			};
			name = Release;
		};
		4EDDA63320B068DE00072989 /* Debug */ = {
			isa = XCBuildConfiguration;
			buildSettings = {
				ALWAYS_EMBED_SWIFT_STANDARD_LIBRARIES = YES;
				CODE_SIGN_STYLE = Automatic;
				DEVELOPMENT_TEAM = 35VHWPS54T;
				INFOPLIST_FILE = MonsUITests/Info.plist;
				LD_RUNPATH_SEARCH_PATHS = "$(inherited) @executable_path/Frameworks @loader_path/Frameworks";
				PRODUCT_BUNDLE_IDENTIFIER = jungwon.sy.MonsUITests;
				PRODUCT_NAME = "$(TARGET_NAME)";
				SWIFT_VERSION = 4.0;
				TARGETED_DEVICE_FAMILY = "1,2";
				TEST_TARGET_NAME = Mons;
			};
			name = Debug;
		};
		4EDDA63420B068DE00072989 /* Release */ = {
			isa = XCBuildConfiguration;
			buildSettings = {
				ALWAYS_EMBED_SWIFT_STANDARD_LIBRARIES = YES;
				CODE_SIGN_STYLE = Automatic;
				DEVELOPMENT_TEAM = 35VHWPS54T;
				INFOPLIST_FILE = MonsUITests/Info.plist;
				LD_RUNPATH_SEARCH_PATHS = "$(inherited) @executable_path/Frameworks @loader_path/Frameworks";
				PRODUCT_BUNDLE_IDENTIFIER = jungwon.sy.MonsUITests;
				PRODUCT_NAME = "$(TARGET_NAME)";
				SWIFT_VERSION = 4.0;
				TARGETED_DEVICE_FAMILY = "1,2";
				TEST_TARGET_NAME = Mons;
			};
			name = Release;
		};
/* End XCBuildConfiguration section */

/* Begin XCConfigurationList section */
		4EDDA5FF20B068DE00072989 /* Build configuration list for PBXProject "Mons" */ = {
			isa = XCConfigurationList;
			buildConfigurations = (
				4EDDA62A20B068DE00072989 /* Debug */,
				4EDDA62B20B068DE00072989 /* Release */,
			);
			defaultConfigurationIsVisible = 0;
			defaultConfigurationName = Release;
		};
		4EDDA62C20B068DE00072989 /* Build configuration list for PBXNativeTarget "Mons" */ = {
			isa = XCConfigurationList;
			buildConfigurations = (
				4EDDA62D20B068DE00072989 /* Debug */,
				4EDDA62E20B068DE00072989 /* Release */,
			);
			defaultConfigurationIsVisible = 0;
			defaultConfigurationName = Release;
		};
		4EDDA62F20B068DE00072989 /* Build configuration list for PBXNativeTarget "MonsTests" */ = {
			isa = XCConfigurationList;
			buildConfigurations = (
				4EDDA63020B068DE00072989 /* Debug */,
				4EDDA63120B068DE00072989 /* Release */,
			);
			defaultConfigurationIsVisible = 0;
			defaultConfigurationName = Release;
		};
		4EDDA63220B068DE00072989 /* Build configuration list for PBXNativeTarget "MonsUITests" */ = {
			isa = XCConfigurationList;
			buildConfigurations = (
				4EDDA63320B068DE00072989 /* Debug */,
				4EDDA63420B068DE00072989 /* Release */,
			);
			defaultConfigurationIsVisible = 0;
			defaultConfigurationName = Release;
		};
/* End XCConfigurationList section */
	};
	rootObject = 4EDDA5FC20B068DE00072989 /* Project object */;
}
